
Microsoft Visual Studio Solution File, Format Version 12.00
# Visual Studio Version 18
VisualStudioVersion = 18.7.11911.148
MinimumVisualStudioVersion = 10.0.40219.1
Project("{FAE04EC0-301F-11D3-BF4B-00C04F79EFBC}") = "NcForm", "NcForm\NcForm.csproj", "{C70E0DD1-CBD2-F5A6-9288-4AE61A4B4892}"
EndProject
Project("{FAE04EC0-301F-11D3-BF4B-00C04F79EFBC}") = "CfgReader", "CfgReader\CfgReader.csproj", "{AAD14EE7-9D1C-FAAC-42D2-8A761311E38F}"
EndProject
Project("{FAE04EC0-301F-11D3-BF4B-00C04F79EFBC}") = "IpcPipeM", "IpcPipeM\IpcPipeM.csproj", "{38C2848E-9A88-30D6-A3F7-BE781934620B}"
EndProject
Project("{FAE04EC0-301F-11D3-BF4B-00C04F79EFBC}") = "IpcPipeS", "IpcPipeS\IpcPipeS.csproj", "{0C3D11A6-9820-4B99-80A1-787463A411F8}"
EndProject
Project("{FAE04EC0-301F-11D3-BF4B-00C04F79EFBC}") = "IpcPipe", "IpcPipe\IpcPipe.csproj", "{A2148AD7-5313-49DD-8EB5-EEA56ACEF366}"
EndProject
Project("{FAE04EC0-301F-11D3-BF4B-00C04F79EFBC}") = "IpcPipeFW", "IpcPipeFW\IpcPipeFW.csproj", "{8EEF27E5-FFA3-4496-AF10-70CBC48E4484}"
EndProject
Project("{FAE04EC0-301F-11D3-BF4B-00C04F79EFBC}") = "CfgReaderFW", "CfgReaderFW\CfgReaderFW.csproj", "{153D0ECA-4460-4CE0-B5CA-D591FF702619}"
EndProject
Project("{2150E333-8FDC-42A3-9474-1A3956D46DE8}") = "Elementi di soluzione", "Elementi di soluzione", "{DD4EAB0C-32C1-42C3-A25A-3E3ECD5F1A85}"
	ProjectSection(SolutionItems) = preProject
		Note.txt = Note.txt
	EndProjectSection
EndProject
Global
	GlobalSection(SolutionConfigurationPlatforms) = preSolution
		Debug|Any CPU = Debug|Any CPU
		Release|Any CPU = Release|Any CPU
	EndGlobalSection
	GlobalSection(ProjectConfigurationPlatforms) = postSolution
		{C70E0DD1-CBD2-F5A6-9288-4AE61A4B4892}.Debug|Any CPU.ActiveCfg = Debug|Any CPU
		{C70E0DD1-CBD2-F5A6-9288-4AE61A4B4892}.Debug|Any CPU.Build.0 = Debug|Any CPU
		{C70E0DD1-CBD2-F5A6-9288-4AE61A4B4892}.Release|Any CPU.ActiveCfg = Release|Any CPU
		{C70E0DD1-CBD2-F5A6-9288-4AE61A4B4892}.Release|Any CPU.Build.0 = Release|Any CPU
		{AAD14EE7-9D1C-FAAC-42D2-8A761311E38F}.Debug|Any CPU.ActiveCfg = Debug|Any CPU
		{AAD14EE7-9D1C-FAAC-42D2-8A761311E38F}.Debug|Any CPU.Build.0 = Debug|Any CPU
		{AAD14EE7-9D1C-FAAC-42D2-8A761311E38F}.Release|Any CPU.ActiveCfg = Release|Any CPU
		{AAD14EE7-9D1C-FAAC-42D2-8A761311E38F}.Release|Any CPU.Build.0 = Release|Any CPU
		{38C2848E-9A88-30D6-A3F7-BE781934620B}.Debug|Any CPU.ActiveCfg = Debug|Any CPU
		{38C2848E-9A88-30D6-A3F7-BE781934620B}.Debug|Any CPU.Build.0 = Debug|Any CPU
		{38C2848E-9A88-30D6-A3F7-BE781934620B}.Release|Any CPU.ActiveCfg = Release|Any CPU
		{38C2848E-9A88-30D6-A3F7-BE781934620B}.Release|Any CPU.Build.0 = Release|Any CPU
		{0C3D11A6-9820-4B99-80A1-787463A411F8}.Debug|Any CPU.ActiveCfg = Debug|Any CPU
		{0C3D11A6-9820-4B99-80A1-787463A411F8}.Debug|Any CPU.Build.0 = Debug|Any CPU
		{0C3D11A6-9820-4B99-80A1-787463A411F8}.Release|Any CPU.ActiveCfg = Release|Any CPU
		{0C3D11A6-9820-4B99-80A1-787463A411F8}.Release|Any CPU.Build.0 = Release|Any CPU
		{A2148AD7-5313-49DD-8EB5-EEA56ACEF366}.Debug|Any CPU.ActiveCfg = Debug|Any CPU
		{A2148AD7-5313-49DD-8EB5-EEA56ACEF366}.Debug|Any CPU.Build.0 = Debug|Any CPU
		{A2148AD7-5313-49DD-8EB5-EEA56ACEF366}.Release|Any CPU.ActiveCfg = Release|Any CPU
		{A2148AD7-5313-49DD-8EB5-EEA56ACEF366}.Release|Any CPU.Build.0 = Release|Any CPU
		{8EEF27E5-FFA3-4496-AF10-70CBC48E4484}.Debug|Any CPU.ActiveCfg = Debug|Any CPU
		{8EEF27E5-FFA3-4496-AF10-70CBC48E4484}.Debug|Any CPU.Build.0 = Debug|Any CPU
		{8EEF27E5-FFA3-4496-AF10-70CBC48E4484}.Release|Any CPU.ActiveCfg = Release|Any CPU
		{8EEF27E5-FFA3-4496-AF10-70CBC48E4484}.Release|Any CPU.Build.0 = Release|Any CPU
		{153D0ECA-4460-4CE0-B5CA-D591FF702619}.Debug|Any CPU.ActiveCfg = Debug|Any CPU
		{153D0ECA-4460-4CE0-B5CA-D591FF702619}.Debug|Any CPU.Build.0 = Debug|Any CPU
		{153D0ECA-4460-4CE0-B5CA-D591FF702619}.Release|Any CPU.ActiveCfg = Release|Any CPU
		{153D0ECA-4460-4CE0-B5CA-D591FF702619}.Release|Any CPU.Build.0 = Release|Any CPU
	EndGlobalSection
	GlobalSection(SolutionProperties) = preSolution
		HideSolutionNode = FALSE
	EndGlobalSection
	GlobalSection(ExtensibilityGlobals) = postSolution
		SolutionGuid = {D5A32D06-4BE6-4964-A328-C4575FA8982F}
	EndGlobalSection
EndGlobal
