
Microsoft Visual Studio Solution File, Format Version 12.00
# Visual Studio Version 17
VisualStudioVersion = 17.14.37216.2 d17.14
MinimumVisualStudioVersion = 10.0.40219.1
Project("{FAE04EC0-301F-11D3-BF4B-00C04F79EFBC}") = "IpcPipe", "IpcPipe\IpcPipe.csproj", "{2DABA245-FB79-400D-82D4-BE9329C033A9}"
EndProject
Project("{FAE04EC0-301F-11D3-BF4B-00C04F79EFBC}") = "NcForm", "NcForm\NcForm.csproj", "{C70E0DD1-CBD2-F5A6-9288-4AE61A4B4892}"
EndProject
Project("{FAE04EC0-301F-11D3-BF4B-00C04F79EFBC}") = "CfgReader", "CfgReader\CfgReader.csproj", "{AAD14EE7-9D1C-FAAC-42D2-8A761311E38F}"
EndProject
Global
	GlobalSection(SolutionConfigurationPlatforms) = preSolution
		Debug|Any CPU = Debug|Any CPU
		Release|Any CPU = Release|Any CPU
	EndGlobalSection
	GlobalSection(ProjectConfigurationPlatforms) = postSolution
		{2DABA245-FB79-400D-82D4-BE9329C033A9}.Debug|Any CPU.ActiveCfg = Debug|Any CPU
		{2DABA245-FB79-400D-82D4-BE9329C033A9}.Debug|Any CPU.Build.0 = Debug|Any CPU
		{2DABA245-FB79-400D-82D4-BE9329C033A9}.Release|Any CPU.ActiveCfg = Release|Any CPU
		{2DABA245-FB79-400D-82D4-BE9329C033A9}.Release|Any CPU.Build.0 = Release|Any CPU
		{C70E0DD1-CBD2-F5A6-9288-4AE61A4B4892}.Debug|Any CPU.ActiveCfg = Debug|Any CPU
		{C70E0DD1-CBD2-F5A6-9288-4AE61A4B4892}.Debug|Any CPU.Build.0 = Debug|Any CPU
		{C70E0DD1-CBD2-F5A6-9288-4AE61A4B4892}.Release|Any CPU.ActiveCfg = Release|Any CPU
		{C70E0DD1-CBD2-F5A6-9288-4AE61A4B4892}.Release|Any CPU.Build.0 = Release|Any CPU
		{AAD14EE7-9D1C-FAAC-42D2-8A761311E38F}.Debug|Any CPU.ActiveCfg = Debug|Any CPU
		{AAD14EE7-9D1C-FAAC-42D2-8A761311E38F}.Debug|Any CPU.Build.0 = Debug|Any CPU
		{AAD14EE7-9D1C-FAAC-42D2-8A761311E38F}.Release|Any CPU.ActiveCfg = Release|Any CPU
		{AAD14EE7-9D1C-FAAC-42D2-8A761311E38F}.Release|Any CPU.Build.0 = Release|Any CPU
	EndGlobalSection
	GlobalSection(SolutionProperties) = preSolution
		HideSolutionNode = FALSE
	EndGlobalSection
	GlobalSection(ExtensibilityGlobals) = postSolution
		SolutionGuid = {D5A32D06-4BE6-4964-A328-C4575FA8982F}
	EndGlobalSection
EndGlobal
